<?xml version="1.0" encoding="utf-8"?>
<Project ToolsVersion="4.0" xmlns="http://schemas.microsoft.com/developer/msbuild/2003">
  <ItemGroup>
    <Filter Include="Source Files">
      <UniqueIdentifier>{4FC737F1-C7A5-4376-A066-2A32D752A2FF}</UniqueIdentifier>
      <Extensions>cpp;cxx;c;def</Extensions>
    </Filter>
    <Filter Include="Header Files">
      <UniqueIdentifier>{93995380-89BD-4b04-88EB-625FBE52EBFB}</UniqueIdentifier>
      <Extensions>h</Extensions>
    </Filter>
    <Filter Include="Form Files">
      <UniqueIdentifier>{99349809-55BA-4b9d-BF79-8FDBB0286EB3}</UniqueIdentifier>
      <Extensions>ui</Extensions>
    </Filter>
    <Filter Include="Resource Files">
      <UniqueIdentifier>{D9D6E242-F8AF-46E4-B9FD-80ECBC20BA3E}</UniqueIdentifier>
      <Extensions>qrc;*</Extensions>
      <ParseFiles>false</ParseFiles>
    </Filter>
    <Filter Include="Generated Files">
      <UniqueIdentifier>{71ED8ED8-ACB9-4CE9-BBE1-E00B30144E11}</UniqueIdentifier>
      <Extensions>moc;h;cpp</Extensions>
      <SourceControlFiles>False</SourceControlFiles>
    </Filter>
    <Filter Include="Header Files\Utilities">
      <UniqueIdentifier>{ce7c6d4d-339b-418e-bef9-bd3ef46dff9b}</UniqueIdentifier>
    </Filter>
    <Filter Include="Header Files\Shapes">
      <UniqueIdentifier>{7d975477-ef8b-4529-8fc7-760a95aaac77}</UniqueIdentifier>
    </Filter>
    <Filter Include="Source Files\Shapes">
      <UniqueIdentifier>{acdbbadd-3d44-44cf-971f-ef442f211569}</UniqueIdentifier>
    </Filter>
    <Filter Include="Source Files\Camera">
      <UniqueIdentifier>{d5be2ba6-479e-435c-a5d7-ea4d940082ac}</UniqueIdentifier>
    </Filter>
    <Filter Include="Header Files\Camera">
      <UniqueIdentifier>{46cdec90-e051-423a-92ad-d958ae88a945}</UniqueIdentifier>
    </Filter>
    <Filter Include="Header Files\Camera\Transformation">
      <UniqueIdentifier>{b3627422-37e7-42c5-906d-04fb56e28077}</UniqueIdentifier>
    </Filter>
    <Filter Include="Source Files\Textures">
      <UniqueIdentifier>{4cdba270-5a23-42bb-96f5-7740f26e7a81}</UniqueIdentifier>
    </Filter>
    <Filter Include="Header Files\Textures">
      <UniqueIdentifier>{726c9f27-c5c9-4de1-884c-e0c0639c5675}</UniqueIdentifier>
    </Filter>
    <Filter Include="Header Files\Shaders">
      <UniqueIdentifier>{b8226624-8f7b-4951-819d-b4ac9eb50459}</UniqueIdentifier>
    </Filter>
    <Filter Include="Source Files\Shaders">
      <UniqueIdentifier>{8d8b8da3-65fb-4493-a1a7-dda59c9e754c}</UniqueIdentifier>
    </Filter>
  </ItemGroup>
  <ItemGroup>
    <ClCompile Include="uglcore.cpp">
      <Filter>Source Files</Filter>
    </ClCompile>
    <ClCompile Include="shape.cpp">
      <Filter>Source Files\Shapes</Filter>
    </ClCompile>
    <ClCompile Include="grid.cpp">
      <Filter>Source Files\Shapes</Filter>
    </ClCompile>
    <ClCompile Include="triangle.cpp">
      <Filter>Source Files\Shapes</Filter>
    </ClCompile>
    <ClCompile Include="perspectivecamera.cpp">
      <Filter>Source Files\Camera</Filter>
    </ClCompile>
    <ClCompile Include="polygon.cpp">
      <Filter>Source Files\Shapes</Filter>
    </ClCompile>
    <ClCompile Include="cube.cpp">
      <Filter>Source Files\Shapes</Filter>
    </ClCompile>
    <ClCompile Include="pyramid.cpp">
      <Filter>Source Files\Shapes</Filter>
    </ClCompile>
    <ClCompile Include="genericcamera.cpp">
      <Filter>Source Files\Camera</Filter>
    </ClCompile>
    <ClCompile Include="orthogonalcamera.cpp">
      <Filter>Source Files\Camera</Filter>
    </ClCompile>
    <ClCompile Include="bezier.cpp">
      <Filter>Source Files\Shapes</Filter>
    </ClCompile>
    <ClCompile Include="bezierSurface.cpp">
      <Filter>Source Files\Shapes</Filter>
    </ClCompile>
    <ClCompile Include="water.cpp">
      <Filter>Source Files\Shapes</Filter>
    </ClCompile>
    <ClCompile Include="texture.cpp">
      <Filter>Source Files\Textures</Filter>
    </ClCompile>
    <ClCompile Include="sceneobject.cpp">
      <Filter>Source Files\Shapes</Filter>
    </ClCompile>
    <ClCompile Include="shaderprogram.cpp">
      <Filter>Source Files\Shaders</Filter>
    </ClCompile>
    <ClCompile Include="cubemap.cpp">
      <Filter>Source Files\Textures</Filter>
    </ClCompile>
    <ClCompile Include="skybox.cpp">
      <Filter>Source Files\Shapes</Filter>
    </ClCompile>
  </ItemGroup>
  <ItemGroup>
    <ClInclude Include="uglcore.h">
      <Filter>Header Files</Filter>
    </ClInclude>
    <ClInclude Include="color4f.h">
      <Filter>Header Files\Utilities</Filter>
    </ClInclude>
    <ClInclude Include="point3f.h">
      <Filter>Header Files\Utilities</Filter>
    </ClInclude>
    <ClInclude Include="vertex.h">
      <Filter>Header Files\Utilities</Filter>
    </ClInclude>
    <ClInclude Include="colors.h">
      <Filter>Header Files\Utilities</Filter>
    </ClInclude>
    <ClInclude Include="shape.h">
      <Filter>Header Files\Shapes</Filter>
    </ClInclude>
    <ClInclude Include="uglutilities.h">
      <Filter>Header Files\Utilities</Filter>
    </ClInclude>
    <ClInclude Include="grid.h">
      <Filter>Header Files\Shapes</Filter>
    </ClInclude>
    <ClInclude Include="triangle.h">
      <Filter>Header Files\Shapes</Filter>
    </ClInclude>
    <ClInclude Include="perspectivecamera.h">
      <Filter>Header Files\Camera</Filter>
    </ClInclude>
    <ClInclude Include="cameratransformationtrategy.h">
      <Filter>Header Files\Camera\Transformation</Filter>
    </ClInclude>
    <ClInclude Include="rotationcameratransformationstrategy.h">
      <Filter>Header Files\Camera\Transformation</Filter>
    </ClInclude>
    <ClInclude Include="translationcameratransformationstrategy.h">
      <Filter>Header Files\Camera\Transformation</Filter>
    </ClInclude>
    <ClInclude Include="polygon.h">
      <Filter>Header Files\Shapes</Filter>
    </ClInclude>
    <ClInclude Include="depthcameratransformationstrategy.h">
      <Filter>Header Files\Camera\Transformation</Filter>
    </ClInclude>
    <ClInclude Include="rollcameratransformationstrategy.h">
      <Filter>Header Files\Camera\Transformation</Filter>
    </ClInclude>
    <ClInclude Include="cube.h">
      <Filter>Header Files\Shapes</Filter>
    </ClInclude>
    <ClInclude Include="pyramid.h">
      <Filter>Header Files\Shapes</Filter>
    </ClInclude>
    <ClInclude Include="circle.h">
      <Filter>Header Files\Shapes</Filter>
    </ClInclude>
    <ClInclude Include="genericcamera.h">
      <Filter>Header Files\Camera</Filter>
    </ClInclude>
    <ClInclude Include="orthogonalcamera.h">
      <Filter>Header Files\Camera</Filter>
    </ClInclude>
    <ClInclude Include="resource.h">
      <Filter>Header Files</Filter>
    </ClInclude>
    <ClInclude Include="light.h">
      <Filter>Header Files\Shaders</Filter>
    </ClInclude>
    <ClInclude Include="material.h">
      <Filter>Header Files\Shaders</Filter>
    </ClInclude>
    <ClInclude Include="bezier.h">
      <Filter>Header Files\Shapes</Filter>
    </ClInclude>
    <ClInclude Include="bezierSurface.h">
      <Filter>Header Files\Shapes</Filter>
    </ClInclude>
    <ClInclude Include="water.h">
      <Filter>Header Files\Shapes</Filter>
    </ClInclude>
    <ClInclude Include="sceneobject.h">
      <Filter>Header Files\Shapes</Filter>
    </ClInclude>
    <ClInclude Include="texture.h">
      <Filter>Header Files\Textures</Filter>
    </ClInclude>
    <ClInclude Include="terrains.h">
      <Filter>Header Files\Textures</Filter>
    </ClInclude>
    <ClInclude Include="shaderprogram.h">
      <Filter>Header Files\Shaders</Filter>
    </ClInclude>
    <ClInclude Include="directionnallight.h">
      <Filter>Header Files\Shaders</Filter>
    </ClInclude>
    <ClInclude Include="lightcolor.h">
      <Filter>Header Files\Shaders</Filter>
    </ClInclude>
    <ClInclude Include="cubemap.h">
      <Filter>Header Files\Textures</Filter>
    </ClInclude>
    <ClInclude Include="skybox.h">
      <Filter>Header Files\Shapes</Filter>
    </ClInclude>
    <ClInclude Include="vertigotransformationstrategy.h">
      <Filter>Header Files\Camera\Transformation</Filter>
    </ClInclude>
    <ClInclude Include="ponctuallight.h">
      <Filter>Header Files\Shaders</Filter>
    </ClInclude>
    <ClInclude Include="spotlight.h">
      <Filter>Header Files</Filter>
    </ClInclude>
    <ClInclude Include="lightattenuation.h">
      <Filter>Header Files\Shaders</Filter>
    </ClInclude>
  </ItemGroup>
</Project>