<?xml version="1.0" encoding="utf-8"?>
<Project ToolsVersion="4.0" xmlns="http://schemas.microsoft.com/developer/msbuild/2003">
  <ItemGroup>
    <Filter Include="Source Files">
      <UniqueIdentifier>{4FC737F1-C7A5-4376-A066-2A32D752A2FF}</UniqueIdentifier>
      <Extensions>cpp;cxx;c;def</Extensions>
    </Filter>
    <Filter Include="Header Files">
      <UniqueIdentifier>{93995380-89BD-4b04-88EB-625FBE52EBFB}</UniqueIdentifier>
      <Extensions>h</Extensions>
    </Filter>
    <Filter Include="Form Files">
      <UniqueIdentifier>{99349809-55BA-4b9d-BF79-8FDBB0286EB3}</UniqueIdentifier>
      <Extensions>ui</Extensions>
    </Filter>
    <Filter Include="Resource Files">
      <UniqueIdentifier>{D9D6E242-F8AF-46E4-B9FD-80ECBC20BA3E}</UniqueIdentifier>
      <Extensions>qrc;*</Extensions>
      <ParseFiles>false</ParseFiles>
    </Filter>
    <Filter Include="Generated Files">
      <UniqueIdentifier>{71ED8ED8-ACB9-4CE9-BBE1-E00B30144E11}</UniqueIdentifier>
      <Extensions>moc;h;cpp</Extensions>
      <SourceControlFiles>False</SourceControlFiles>
    </Filter>
    <Filter Include="Generated Files\Debug">
      <UniqueIdentifier>{28654319-5351-4ccf-b268-c100f7650fc9}</UniqueIdentifier>
      <Extensions>cpp;moc</Extensions>
      <SourceControlFiles>False</SourceControlFiles>
    </Filter>
    <Filter Include="Generated Files\Release">
      <UniqueIdentifier>{09f50bfd-1ff5-465d-9034-f6064b411b17}</UniqueIdentifier>
      <Extensions>cpp;moc</Extensions>
      <SourceControlFiles>False</SourceControlFiles>
    </Filter>
    <Filter Include="Shaders">
      <UniqueIdentifier>{5f87b83f-3587-4dea-9e2c-11bea9f0dc4e}</UniqueIdentifier>
      <Extensions>glsl</Extensions>
    </Filter>
  </ItemGroup>
  <ItemGroup>
    <ClCompile Include="main.cpp">
      <Filter>Source Files</Filter>
    </ClCompile>
    <ClCompile Include="uglwindow.cpp">
      <Filter>Source Files</Filter>
    </ClCompile>
    <ClCompile Include="GeneratedFiles\Debug\moc_uglwindow.cpp">
      <Filter>Generated Files\Debug</Filter>
    </ClCompile>
    <ClCompile Include="GeneratedFiles\Release\moc_uglwindow.cpp">
      <Filter>Generated Files\Release</Filter>
    </ClCompile>
    <ClCompile Include="GeneratedFiles\qrc_uglwindow.cpp">
      <Filter>Generated Files</Filter>
    </ClCompile>
    <ClCompile Include="uglscenewidget.cpp">
      <Filter>Source Files</Filter>
    </ClCompile>
    <ClCompile Include="GeneratedFiles\Debug\moc_uglscenewidget.cpp">
      <Filter>Generated Files\Debug</Filter>
    </ClCompile>
    <ClCompile Include="GeneratedFiles\Release\moc_uglscenewidget.cpp">
      <Filter>Generated Files\Release</Filter>
    </ClCompile>
    <ClCompile Include="shadermanagerwidget.cpp">
      <Filter>Source Files</Filter>
    </ClCompile>
    <ClCompile Include="GeneratedFiles\Debug\moc_shadermanagerwidget.cpp">
      <Filter>Generated Files\Debug</Filter>
    </ClCompile>
    <ClCompile Include="GeneratedFiles\Release\moc_shadermanagerwidget.cpp">
      <Filter>Generated Files\Release</Filter>
    </ClCompile>
    <ClCompile Include="shapecreationdialog.cpp">
      <Filter>Source Files</Filter>
    </ClCompile>
    <ClCompile Include="GeneratedFiles\Debug\moc_shapecreationdialog.cpp">
      <Filter>Generated Files\Debug</Filter>
    </ClCompile>
    <ClCompile Include="GeneratedFiles\Release\moc_shapecreationdialog.cpp">
      <Filter>Generated Files\Release</Filter>
    </ClCompile>
    <ClCompile Include="camerawidget.cpp">
      <Filter>Source Files</Filter>
    </ClCompile>
    <ClCompile Include="GeneratedFiles\Debug\moc_camerawidget.cpp">
      <Filter>Generated Files\Debug</Filter>
    </ClCompile>
    <ClCompile Include="GeneratedFiles\Release\moc_camerawidget.cpp">
      <Filter>Generated Files\Release</Filter>
    </ClCompile>
    <ClCompile Include="GeneratedFiles\Debug\moc_objectsrepo.cpp">
      <Filter>Generated Files\Debug</Filter>
    </ClCompile>
    <ClCompile Include="GeneratedFiles\Release\moc_objectsrepo.cpp">
      <Filter>Generated Files\Release</Filter>
    </ClCompile>
    <ClCompile Include="GeneratedFiles\Debug\moc_shapecontroller.cpp">
      <Filter>Generated Files\Debug</Filter>
    </ClCompile>
    <ClCompile Include="GeneratedFiles\Release\moc_shapecontroller.cpp">
      <Filter>Generated Files\Release</Filter>
    </ClCompile>
    <ClCompile Include="objectsrepository.cpp">
      <Filter>Source Files</Filter>
    </ClCompile>
    <ClCompile Include="shapecontroller.cpp">
      <Filter>Source Files</Filter>
    </ClCompile>
    <ClCompile Include="graphsceneitem.cpp">
      <Filter>Source Files</Filter>
    </ClCompile>
    <ClCompile Include="colorchoicewidget.cpp">
      <Filter>Source Files</Filter>
    </ClCompile>
    <ClCompile Include="GeneratedFiles\Debug\moc_colorchoicewidget.cpp">
      <Filter>Generated Files\Debug</Filter>
    </ClCompile>
    <ClCompile Include="GeneratedFiles\Release\moc_colorchoicewidget.cpp">
      <Filter>Generated Files\Release</Filter>
    </ClCompile>
    <ClCompile Include="materialwidget.cpp">
      <Filter>Source Files</Filter>
    </ClCompile>
    <ClCompile Include="GeneratedFiles\Debug\moc_materialwidget.cpp">
      <Filter>Generated Files\Debug</Filter>
    </ClCompile>
    <ClCompile Include="GeneratedFiles\Release\moc_materialwidget.cpp">
      <Filter>Generated Files\Release</Filter>
    </ClCompile>
    <ClCompile Include="beziercurvecreation.cpp">
      <Filter>Source Files</Filter>
    </ClCompile>
    <ClCompile Include="GeneratedFiles\Debug\moc_beziercurvecreation.cpp">
      <Filter>Generated Files\Debug</Filter>
    </ClCompile>
    <ClCompile Include="GeneratedFiles\Release\moc_beziercurvecreation.cpp">
      <Filter>Generated Files\Release</Filter>
    </ClCompile>
    <ClCompile Include="modifypointdialog.cpp">
      <Filter>Source Files</Filter>
    </ClCompile>
    <ClCompile Include="GeneratedFiles\Debug\moc_modifypointdialog.cpp">
      <Filter>Generated Files\Debug</Filter>
    </ClCompile>
    <ClCompile Include="GeneratedFiles\Release\moc_modifypointdialog.cpp">
      <Filter>Generated Files\Release</Filter>
    </ClCompile>
    <ClCompile Include="beziersurfacecreation.cpp">
      <Filter>Source Files</Filter>
    </ClCompile>
    <ClCompile Include="GeneratedFiles\Debug\moc_beziersurfacecreation.cpp">
      <Filter>Generated Files\Debug</Filter>
    </ClCompile>
    <ClCompile Include="GeneratedFiles\Release\moc_beziersurfacecreation.cpp">
      <Filter>Generated Files\Release</Filter>
    </ClCompile>
    <ClCompile Include="GeneratedFiles\Debug\moc_colorwidget.cpp">
      <Filter>Generated Files\Debug</Filter>
    </ClCompile>
    <ClCompile Include="GeneratedFiles\Release\moc_colorwidget.cpp">
      <Filter>Generated Files\Release</Filter>
    </ClCompile>
    <ClCompile Include="importmodeldialog.cpp">
      <Filter>Source Files</Filter>
    </ClCompile>
    <ClCompile Include="GeneratedFiles\Debug\moc_importmodeldialog.cpp">
      <Filter>Generated Files\Debug</Filter>
    </ClCompile>
    <ClCompile Include="GeneratedFiles\Release\moc_importmodeldialog.cpp">
      <Filter>Generated Files\Release</Filter>
    </ClCompile>
    <ClCompile Include="importshapemodel.cpp">
      <Filter>Source Files</Filter>
    </ClCompile>
    <ClCompile Include="changeskyboxdialog.cpp">
      <Filter>Source Files</Filter>
    </ClCompile>
    <ClCompile Include="GeneratedFiles\Debug\moc_changeskyboxdialog.cpp">
      <Filter>Generated Files\Debug</Filter>
    </ClCompile>
    <ClCompile Include="GeneratedFiles\Release\moc_changeskyboxdialog.cpp">
      <Filter>Generated Files\Release</Filter>
    </ClCompile>
    <ClCompile Include="lightcolorchoicewidget.cpp">
      <Filter>Source Files</Filter>
    </ClCompile>
    <ClCompile Include="GeneratedFiles\Debug\moc_lightcolorchoicewidget.cpp">
      <Filter>Generated Files\Debug</Filter>
    </ClCompile>
    <ClCompile Include="GeneratedFiles\Release\moc_lightcolorchoicewidget.cpp">
      <Filter>Generated Files\Release</Filter>
    </ClCompile>
    <ClCompile Include="vectorchoicewidget.cpp">
      <Filter>Source Files</Filter>
    </ClCompile>
    <ClCompile Include="GeneratedFiles\Debug\moc_vectorchoicewidget.cpp">
      <Filter>Generated Files\Debug</Filter>
    </ClCompile>
    <ClCompile Include="GeneratedFiles\Release\moc_vectorchoicewidget.cpp">
      <Filter>Generated Files\Release</Filter>
    </ClCompile>
  </ItemGroup>
  <ItemGroup>
    <CustomBuild Include="uglwindow.h">
      <Filter>Header Files</Filter>
    </CustomBuild>
    <CustomBuild Include="uglwindow.ui">
      <Filter>Form Files</Filter>
    </CustomBuild>
    <CustomBuild Include="uglwindow.qrc">
      <Filter>Resource Files</Filter>
    </CustomBuild>
    <CustomBuild Include="uglscenewidget.h">
      <Filter>Header Files</Filter>
    </CustomBuild>
    <CustomBuild Include="shadermanagerwidget.h">
      <Filter>Header Files</Filter>
    </CustomBuild>
    <CustomBuild Include="shadermanagerwidget.ui">
      <Filter>Form Files</Filter>
    </CustomBuild>
    <CustomBuild Include="shapecreationdialog.h">
      <Filter>Header Files</Filter>
    </CustomBuild>
    <CustomBuild Include="shapecreationdialog.ui">
      <Filter>Form Files</Filter>
    </CustomBuild>
    <CustomBuild Include="camerawidget.h">
      <Filter>Header Files</Filter>
    </CustomBuild>
    <CustomBuild Include="camerawidget.ui">
      <Filter>Form Files</Filter>
    </CustomBuild>
    <CustomBuild Include="objectsrepo.h">
      <Filter>Header Files</Filter>
    </CustomBuild>
    <CustomBuild Include="shapecontroller.h">
      <Filter>Header Files</Filter>
    </CustomBuild>
    <CustomBuild Include="colorchoicewidget.h">
      <Filter>Header Files</Filter>
    </CustomBuild>
    <CustomBuild Include="colorchoicewidget.ui">
      <Filter>Form Files</Filter>
    </CustomBuild>
    <CustomBuild Include="materialwidget.h">
      <Filter>Header Files</Filter>
    </CustomBuild>
    <CustomBuild Include="materialwidget.ui">
      <Filter>Form Files</Filter>
    </CustomBuild>
    <CustomBuild Include="beziercurvecreation.h">
      <Filter>Header Files</Filter>
    </CustomBuild>
    <CustomBuild Include="beziercurvecreation.ui">
      <Filter>Form Files</Filter>
    </CustomBuild>
    <CustomBuild Include="modifypointdialog.h">
      <Filter>Header Files</Filter>
    </CustomBuild>
    <CustomBuild Include="modifypointdialog.ui">
      <Filter>Form Files</Filter>
    </CustomBuild>
    <CustomBuild Include="beziersurfacecreation.h">
      <Filter>Header Files</Filter>
    </CustomBuild>
    <CustomBuild Include="beziersurfacecreation.ui">
      <Filter>Form Files</Filter>
    </CustomBuild>
    <CustomBuild Include="colorwidget.h">
      <Filter>Header Files</Filter>
    </CustomBuild>
    <CustomBuild Include="importmodeldialog.h">
      <Filter>Header Files</Filter>
    </CustomBuild>
    <CustomBuild Include="importmodeldialog.ui">
      <Filter>Form Files</Filter>
    </CustomBuild>
    <CustomBuild Include="changeskyboxdialog.h">
      <Filter>Header Files</Filter>
    </CustomBuild>
    <CustomBuild Include="changeskyboxdialog.ui">
      <Filter>Form Files</Filter>
    </CustomBuild>
    <CustomBuild Include="lightcolorchoicewidget.h">
      <Filter>Header Files</Filter>
    </CustomBuild>
    <CustomBuild Include="lightcolorchoicewidget.ui">
      <Filter>Form Files</Filter>
    </CustomBuild>
    <CustomBuild Include="vectorchoicewidget.h">
      <Filter>Header Files</Filter>
    </CustomBuild>
    <CustomBuild Include="vectorchoicewidget.ui">
      <Filter>Form Files</Filter>
    </CustomBuild>
  </ItemGroup>
  <ItemGroup>
    <ClInclude Include="GeneratedFiles\ui_uglwindow.h">
      <Filter>Generated Files</Filter>
    </ClInclude>
    <ClInclude Include="GeneratedFiles\ui_shadermanagerwidget.h">
      <Filter>Generated Files</Filter>
    </ClInclude>
    <ClInclude Include="importshapemodel.h">
      <Filter>Header Files</Filter>
    </ClInclude>
    <ClInclude Include="GeneratedFiles\ui_shapecreationdialog.h">
      <Filter>Generated Files</Filter>
    </ClInclude>
    <ClInclude Include="GeneratedFiles\ui_camerawidget.h">
      <Filter>Generated Files</Filter>
    </ClInclude>
    <ClInclude Include="graphsceneitem.h">
      <Filter>Header Files</Filter>
    </ClInclude>
    <ClInclude Include="GeneratedFiles\ui_colorchoicewidget.h">
      <Filter>Generated Files</Filter>
    </ClInclude>
    <ClInclude Include="GeneratedFiles\ui_materialwidget.h">
      <Filter>Generated Files</Filter>
    </ClInclude>
    <ClInclude Include="sceneobjectfactory.h">
      <Filter>Header Files</Filter>
    </ClInclude>
    <ClInclude Include="GeneratedFiles\ui_beziercurvecreation.h">
      <Filter>Generated Files</Filter>
    </ClInclude>
    <ClInclude Include="GeneratedFiles\ui_modifypointdialog.h">
      <Filter>Generated Files</Filter>
    </ClInclude>
    <ClInclude Include="GeneratedFiles\ui_beziersurfacecreation.h">
      <Filter>Generated Files</Filter>
    </ClInclude>
    <ClInclude Include="GeneratedFiles\ui_importmodeldialog.h">
      <Filter>Generated Files</Filter>
    </ClInclude>
    <ClInclude Include="GeneratedFiles\ui_changeskyboxdialog.h">
      <Filter>Generated Files</Filter>
    </ClInclude>
    <ClInclude Include="GeneratedFiles\ui_lightcolorchoicewidget.h">
      <Filter>Generated Files</Filter>
    </ClInclude>
    <ClInclude Include="GeneratedFiles\ui_vectorchoicewidget.h">
      <Filter>Generated Files</Filter>
    </ClInclude>
  </ItemGroup>
  <ItemGroup>
    <Image Include="..\..\Images\Textures\water.jpg">
      <Filter>Resource Files</Filter>
    </Image>
    <Image Include="Images\CameraDepth.png" />
    <Image Include="Images\CameraDrag.png" />
    <Image Include="Images\CameraRoll.png" />
    <Image Include="Images\CameraRotate.png" />
    <Image Include="Images\ExportAsPicture.png" />
    <Image Include="Images\FullScreen.png" />
    <Image Include="Images\ModelImport.png" />
    <Image Include="Images\NormalScreen.png" />
  </ItemGroup>
  <ItemGroup>
    <None Include="Shaders\FragmentShader.glsl">
      <Filter>Shaders</Filter>
    </None>
    <None Include="Shaders\FragmentShaderLightOff.glsl">
      <Filter>Shaders</Filter>
    </None>
    <None Include="Shaders\NormalsFragmentShader.glsl">
      <Filter>Shaders</Filter>
    </None>
    <None Include="Shaders\NormalsGeometricShader.glsl">
      <Filter>Shaders</Filter>
    </None>
    <None Include="Shaders\NormalsVertexShader.glsl">
      <Filter>Shaders</Filter>
    </None>
    <None Include="Shaders\StandardVertexShader.glsl">
      <Filter>Shaders</Filter>
    </None>
    <None Include="VertexShader.glsl">
      <Filter>Shaders</Filter>
    </None>
    <None Include="Shaders\PonctualPhongFragmentShader.glsl">
      <Filter>Shaders</Filter>
    </None>
  </ItemGroup>
</Project>